// !$*UTF8*$!
{
	archiveVersion = 1;
	classes = {
	};
	objectVersion = 56;
	objects = {

/* Begin PBXBuildFile section */
		4C2FE4A42AE6632800C03059 /* ZunespaceApp.swift in Sources */ = {isa = PBXBuildFile; fileRef = 4C2FE4A32AE6632800C03059 /* ZunespaceApp.swift */; };
		4C2FE4A62AE6632800C03059 /* ContentView.swift in Sources */ = {isa = PBXBuildFile; fileRef = 4C2FE4A52AE6632800C03059 /* ContentView.swift */; };
		4C2FE4A82AE6632A00C03059 /* Assets.xcassets in Resources */ = {isa = PBXBuildFile; fileRef = 4C2FE4A72AE6632A00C03059 /* Assets.xcassets */; };
		4C2FE4AB2AE6632A00C03059 /* Preview Assets.xcassets in Resources */ = {isa = PBXBuildFile; fileRef = 4C2FE4AA2AE6632A00C03059 /* Preview Assets.xcassets */; };
		4CE906C42AE670BE00D8C74B /* SongCard.swift in Sources */ = {isa = PBXBuildFile; fileRef = 4CE906C32AE670BE00D8C74B /* SongCard.swift */; };
		4CE906C62AE671B200D8C74B /* SongInfo.swift in Sources */ = {isa = PBXBuildFile; fileRef = 4CE906C52AE671B200D8C74B /* SongInfo.swift */; };
		4CE906C82AE6878200D8C74B /* ScaleButtonStyle.swift in Sources */ = {isa = PBXBuildFile; fileRef = 4CE906C72AE6878200D8C74B /* ScaleButtonStyle.swift */; };
		4CE906CA2AE68A0200D8C74B /* ZunespaceModel.swift in Sources */ = {isa = PBXBuildFile; fileRef = 4CE906C92AE68A0200D8C74B /* ZunespaceModel.swift */; };
/* End PBXBuildFile section */

/* Begin PBXFileReference section */
		4C2FE4A02AE6632800C03059 /* Zunespace.app */ = {isa = PBXFileReference; explicitFileType = wrapper.application; includeInIndex = 0; path = Zunespace.app; sourceTree = BUILT_PRODUCTS_DIR; };
		4C2FE4A32AE6632800C03059 /* ZunespaceApp.swift */ = {isa = PBXFileReference; lastKnownFileType = sourcecode.swift; path = ZunespaceApp.swift; sourceTree = "<group>"; };
		4C2FE4A52AE6632800C03059 /* ContentView.swift */ = {isa = PBXFileReference; lastKnownFileType = sourcecode.swift; path = ContentView.swift; sourceTree = "<group>"; };
		4C2FE4A72AE6632A00C03059 /* Assets.xcassets */ = {isa = PBXFileReference; lastKnownFileType = folder.assetcatalog; path = Assets.xcassets; sourceTree = "<group>"; };
		4C2FE4AA2AE6632A00C03059 /* Preview Assets.xcassets */ = {isa = PBXFileReference; lastKnownFileType = folder.assetcatalog; path = "Preview Assets.xcassets"; sourceTree = "<group>"; };
		4CE906C32AE670BE00D8C74B /* SongCard.swift */ = {isa = PBXFileReference; lastKnownFileType = sourcecode.swift; path = SongCard.swift; sourceTree = "<group>"; };
		4CE906C52AE671B200D8C74B /* SongInfo.swift */ = {isa = PBXFileReference; lastKnownFileType = sourcecode.swift; path = SongInfo.swift; sourceTree = "<group>"; };
		4CE906C72AE6878200D8C74B /* ScaleButtonStyle.swift */ = {isa = PBXFileReference; lastKnownFileType = sourcecode.swift; path = ScaleButtonStyle.swift; sourceTree = "<group>"; };
		4CE906C92AE68A0200D8C74B /* ZunespaceModel.swift */ = {isa = PBXFileReference; lastKnownFileType = sourcecode.swift; path = ZunespaceModel.swift; sourceTree = "<group>"; };
/* End PBXFileReference section */

/* Begin PBXFrameworksBuildPhase section */
		4C2FE49D2AE6632800C03059 /* Frameworks */ = {
			isa = PBXFrameworksBuildPhase;
			buildActionMask = 2147483647;
			files = (
			);
			runOnlyForDeploymentPostprocessing = 0;
		};
/* End PBXFrameworksBuildPhase section */

/* Begin PBXGroup section */
		4C2FE4972AE6632800C03059 = {
			isa = PBXGroup;
			children = (
				4C2FE4A22AE6632800C03059 /* Zunespace */,
				4C2FE4A12AE6632800C03059 /* Products */,
			);
			sourceTree = "<group>";
		};
		4C2FE4A12AE6632800C03059 /* Products */ = {
			isa = PBXGroup;
			children = (
				4C2FE4A02AE6632800C03059 /* Zunespace.app */,
			);
			name = Products;
			sourceTree = "<group>";
		};
		4C2FE4A22AE6632800C03059 /* Zunespace */ = {
			isa = PBXGroup;
			children = (
				4C2FE4A32AE6632800C03059 /* ZunespaceApp.swift */,
				4C2FE4B22AE663A600C03059 /* Models */,
				4C2FE4B12AE6638E00C03059 /* Views */,
				4C2FE4B42AE663D500C03059 /* Styles */,
				4C2FE4B32AE663B600C03059 /* Songs */,
				4C2FE4A72AE6632A00C03059 /* Assets.xcassets */,
				4C2FE4A92AE6632A00C03059 /* Preview Content */,
			);
			path = Zunespace;
			sourceTree = "<group>";
		};
		4C2FE4A92AE6632A00C03059 /* Preview Content */ = {
			isa = PBXGroup;
			children = (
				4C2FE4AA2AE6632A00C03059 /* Preview Assets.xcassets */,
			);
			path = "Preview Content";
			sourceTree = "<group>";
		};
		4C2FE4B12AE6638E00C03059 /* Views */ = {
			isa = PBXGroup;
			children = (
				4C2FE4A52AE6632800C03059 /* ContentView.swift */,
				4CE906C32AE670BE00D8C74B /* SongCard.swift */,
				4CE906C52AE671B200D8C74B /* SongInfo.swift */,
			);
			path = Views;
			sourceTree = "<group>";
		};
		4C2FE4B22AE663A600C03059 /* Models */ = {
			isa = PBXGroup;
			children = (
				4CE906C92AE68A0200D8C74B /* ZunespaceModel.swift */,
			);
			path = Models;
			sourceTree = "<group>";
		};
		4C2FE4B32AE663B600C03059 /* Songs */ = {
			isa = PBXGroup;
			children = (
			);
			path = Songs;
			sourceTree = "<group>";
		};
		4C2FE4B42AE663D500C03059 /* Styles */ = {
			isa = PBXGroup;
			children = (
				4CE906C72AE6878200D8C74B /* ScaleButtonStyle.swift */,
			);
			path = Styles;
			sourceTree = "<group>";
		};
/* End PBXGroup section */

/* Begin PBXNativeTarget section */
		4C2FE49F2AE6632800C03059 /* Zunespace */ = {
			isa = PBXNativeTarget;
			buildConfigurationList = 4C2FE4AE2AE6632A00C03059 /* Build configuration list for PBXNativeTarget "Zunespace" */;
			buildPhases = (
				4C2FE49C2AE6632800C03059 /* Sources */,
				4C2FE49D2AE6632800C03059 /* Frameworks */,
				4C2FE49E2AE6632800C03059 /* Resources */,
			);
			buildRules = (
			);
			dependencies = (
			);
			name = Zunespace;
			productName = Zunespace;
			productReference = 4C2FE4A02AE6632800C03059 /* Zunespace.app */;
			productType = "com.apple.product-type.application";
		};
/* End PBXNativeTarget section */

/* Begin PBXProject section */
		4C2FE4982AE6632800C03059 /* Project object */ = {
			isa = PBXProject;
			attributes = {
				BuildIndependentTargetsInParallel = 1;
				LastSwiftUpdateCheck = 1500;
				LastUpgradeCheck = 1500;
				TargetAttributes = {
					4C2FE49F2AE6632800C03059 = {
						CreatedOnToolsVersion = 15.0;
					};
				};
			};
			buildConfigurationList = 4C2FE49B2AE6632800C03059 /* Build configuration list for PBXProject "Zunespace" */;
			compatibilityVersion = "Xcode 14.0";
			developmentRegion = en;
			hasScannedForEncodings = 0;
			knownRegions = (
				en,
				Base,
			);
			mainGroup = 4C2FE4972AE6632800C03059;
			productRefGroup = 4C2FE4A12AE6632800C03059 /* Products */;
			projectDirPath = "";
			projectRoot = "";
			targets = (
				4C2FE49F2AE6632800C03059 /* Zunespace */,
			);
		};
/* End PBXProject section */

/* Begin PBXResourcesBuildPhase section */
		4C2FE49E2AE6632800C03059 /* Resources */ = {
			isa = PBXResourcesBuildPhase;
			buildActionMask = 2147483647;
			files = (
				4C2FE4AB2AE6632A00C03059 /* Preview Assets.xcassets in Resources */,
				4C2FE4A82AE6632A00C03059 /* Assets.xcassets in Resources */,
			);
			runOnlyForDeploymentPostprocessing = 0;
		};
/* End PBXResourcesBuildPhase section */

/* Begin PBXSourcesBuildPhase section */
		4C2FE49C2AE6632800C03059 /* Sources */ = {
			isa = PBXSourcesBuildPhase;
			buildActionMask = 2147483647;
			files = (
				4CE906C62AE671B200D8C74B /* SongInfo.swift in Sources */,
				4CE906C82AE6878200D8C74B /* ScaleButtonStyle.swift in Sources */,
				4CE906CA2AE68A0200D8C74B /* ZunespaceModel.swift in Sources */,
				4CE906C42AE670BE00D8C74B /* SongCard.swift in Sources */,
				4C2FE4A62AE6632800C03059 /* ContentView.swift in Sources */,
				4C2FE4A42AE6632800C03059 /* ZunespaceApp.swift in Sources */,
			);
			runOnlyForDeploymentPostprocessing = 0;
		};
/* End PBXSourcesBuildPhase section */

/* Begin XCBuildConfiguration section */
		4C2FE4AC2AE6632A00C03059 /* Debug */ = {
			isa = XCBuildConfiguration;
			buildSettings = {
				ALWAYS_SEARCH_USER_PATHS = NO;
				ASSETCATALOG_COMPILER_GENERATE_SWIFT_ASSET_SYMBOL_EXTENSIONS = YES;
				CLANG_ANALYZER_NONNULL = YES;
				CLANG_ANALYZER_NUMBER_OBJECT_CONVERSION = YES_AGGRESSIVE;
				CLANG_CXX_LANGUAGE_STANDARD = "gnu++20";
				CLANG_ENABLE_MODULES = YES;
				CLANG_ENABLE_OBJC_ARC = YES;
				CLANG_ENABLE_OBJC_WEAK = YES;
				CLANG_WARN_BLOCK_CAPTURE_AUTORELEASING = YES;
				CLANG_WARN_BOOL_CONVERSION = YES;
				CLANG_WARN_COMMA = YES;
				CLANG_WARN_CONSTANT_CONVERSION = YES;
				CLANG_WARN_DEPRECATED_OBJC_IMPLEMENTATIONS = YES;
				CLANG_WARN_DIRECT_OBJC_ISA_USAGE = YES_ERROR;
				CLANG_WARN_DOCUMENTATION_COMMENTS = YES;
				CLANG_WARN_EMPTY_BODY = YES;
				CLANG_WARN_ENUM_CONVERSION = YES;
				CLANG_WARN_INFINITE_RECURSION = YES;
				CLANG_WARN_INT_CONVERSION = YES;
				CLANG_WARN_NON_LITERAL_NULL_CONVERSION = YES;
				CLANG_WARN_OBJC_IMPLICIT_RETAIN_SELF = YES;
				CLANG_WARN_OBJC_LITERAL_CONVERSION = YES;
				CLANG_WARN_OBJC_ROOT_CLASS = YES_ERROR;
				CLANG_WARN_QUOTED_INCLUDE_IN_FRAMEWORK_HEADER = YES;
				CLANG_WARN_RANGE_LOOP_ANALYSIS = YES;
				CLANG_WARN_STRICT_PROTOTYPES = YES;
				CLANG_WARN_SUSPICIOUS_MOVE = YES;
				CLANG_WARN_UNGUARDED_AVAILABILITY = YES_AGGRESSIVE;
				CLANG_WARN_UNREACHABLE_CODE = YES;
				CLANG_WARN__DUPLICATE_METHOD_MATCH = YES;
				COPY_PHASE_STRIP = NO;
				DEBUG_INFORMATION_FORMAT = dwarf;
				ENABLE_STRICT_OBJC_MSGSEND = YES;
				ENABLE_TESTABILITY = YES;
				ENABLE_USER_SCRIPT_SANDBOXING = YES;
				GCC_C_LANGUAGE_STANDARD = gnu17;
				GCC_DYNAMIC_NO_PIC = NO;
				GCC_NO_COMMON_BLOCKS = YES;
				GCC_OPTIMIZATION_LEVEL = 0;
				GCC_PREPROCESSOR_DEFINITIONS = (
					"DEBUG=1",
					"$(inherited)",
				);
				GCC_WARN_64_TO_32_BIT_CONVERSION = YES;
				GCC_WARN_ABOUT_RETURN_TYPE = YES_ERROR;
				GCC_WARN_UNDECLARED_SELECTOR = YES;
				GCC_WARN_UNINITIALIZED_AUTOS = YES_AGGRESSIVE;
				GCC_WARN_UNUSED_FUNCTION = YES;
				GCC_WARN_UNUSED_VARIABLE = YES;
				IPHONEOS_DEPLOYMENT_TARGET = 17.0;
				LOCALIZATION_PREFERS_STRING_CATALOGS = YES;
				MTL_ENABLE_DEBUG_INFO = INCLUDE_SOURCE;
				MTL_FAST_MATH = YES;
				ONLY_ACTIVE_ARCH = YES;
				SDKROOT = iphoneos;
				SWIFT_ACTIVE_COMPILATION_CONDITIONS = "DEBUG $(inherited)";
				SWIFT_OPTIMIZATION_LEVEL = "-Onone";
			};
			name = Debug;
		};
		4C2FE4AD2AE6632A00C03059 /* Release */ = {
			isa = XCBuildConfiguration;
			buildSettings = {
				ALWAYS_SEARCH_USER_PATHS = NO;
				ASSETCATALOG_COMPILER_GENERATE_SWIFT_ASSET_SYMBOL_EXTENSIONS = YES;
				CLANG_ANALYZER_NONNULL = YES;
				CLANG_ANALYZER_NUMBER_OBJECT_CONVERSION = YES_AGGRESSIVE;
				CLANG_CXX_LANGUAGE_STANDARD = "gnu++20";
				CLANG_ENABLE_MODULES = YES;
				CLANG_ENABLE_OBJC_ARC = YES;
				CLANG_ENABLE_OBJC_WEAK = YES;
				CLANG_WARN_BLOCK_CAPTURE_AUTORELEASING = YES;
				CLANG_WARN_BOOL_CONVERSION = YES;
				CLANG_WARN_COMMA = YES;
				CLANG_WARN_CONSTANT_CONVERSION = YES;
				CLANG_WARN_DEPRECATED_OBJC_IMPLEMENTATIONS = YES;
				CLANG_WARN_DIRECT_OBJC_ISA_USAGE = YES_ERROR;
				CLANG_WARN_DOCUMENTATION_COMMENTS = YES;
				CLANG_WARN_EMPTY_BODY = YES;
				CLANG_WARN_ENUM_CONVERSION = YES;
				CLANG_WARN_INFINITE_RECURSION = YES;
				CLANG_WARN_INT_CONVERSION = YES;
				CLANG_WARN_NON_LITERAL_NULL_CONVERSION = YES;
				CLANG_WARN_OBJC_IMPLICIT_RETAIN_SELF = YES;
				CLANG_WARN_OBJC_LITERAL_CONVERSION = YES;
				CLANG_WARN_OBJC_ROOT_CLASS = YES_ERROR;
				CLANG_WARN_QUOTED_INCLUDE_IN_FRAMEWORK_HEADER = YES;
				CLANG_WARN_RANGE_LOOP_ANALYSIS = YES;
				CLANG_WARN_STRICT_PROTOTYPES = YES;
				CLANG_WARN_SUSPICIOUS_MOVE = YES;
				CLANG_WARN_UNGUARDED_AVAILABILITY = YES_AGGRESSIVE;
				CLANG_WARN_UNREACHABLE_CODE = YES;
				CLANG_WARN__DUPLICATE_METHOD_MATCH = YES;
				COPY_PHASE_STRIP = NO;
				DEBUG_INFORMATION_FORMAT = "dwarf-with-dsym";
				ENABLE_NS_ASSERTIONS = NO;
				ENABLE_STRICT_OBJC_MSGSEND = YES;
				ENABLE_USER_SCRIPT_SANDBOXING = YES;
				GCC_C_LANGUAGE_STANDARD = gnu17;
				GCC_NO_COMMON_BLOCKS = YES;
				GCC_WARN_64_TO_32_BIT_CONVERSION = YES;
				GCC_WARN_ABOUT_RETURN_TYPE = YES_ERROR;
				GCC_WARN_UNDECLARED_SELECTOR = YES;
				GCC_WARN_UNINITIALIZED_AUTOS = YES_AGGRESSIVE;
				GCC_WARN_UNUSED_FUNCTION = YES;
				GCC_WARN_UNUSED_VARIABLE = YES;
				IPHONEOS_DEPLOYMENT_TARGET = 17.0;
				LOCALIZATION_PREFERS_STRING_CATALOGS = YES;
				MTL_ENABLE_DEBUG_INFO = NO;
				MTL_FAST_MATH = YES;
				SDKROOT = iphoneos;
				SWIFT_COMPILATION_MODE = wholemodule;
				VALIDATE_PRODUCT = YES;
			};
			name = Release;
		};
		4C2FE4AF2AE6632A00C03059 /* Debug */ = {
			isa = XCBuildConfiguration;
			buildSettings = {
				ASSETCATALOG_COMPILER_APPICON_NAME = AppIcon;
				ASSETCATALOG_COMPILER_GLOBAL_ACCENT_COLOR_NAME = AccentColor;
				CODE_SIGN_STYLE = Automatic;
				CURRENT_PROJECT_VERSION = 1;
				DEVELOPMENT_ASSET_PATHS = "\"Zunespace/Preview Content\"";
				DEVELOPMENT_TEAM = 8L58N86QT7;
				ENABLE_PREVIEWS = YES;
				GENERATE_INFOPLIST_FILE = YES;
				INFOPLIST_KEY_UIApplicationSceneManifest_Generation = YES;
				INFOPLIST_KEY_UIApplicationSupportsIndirectInputEvents = YES;
				INFOPLIST_KEY_UILaunchScreen_Generation = YES;
				INFOPLIST_KEY_UISupportedInterfaceOrientations_iPad = "UIInterfaceOrientationPortrait UIInterfaceOrientationPortraitUpsideDown UIInterfaceOrientationLandscapeLeft UIInterfaceOrientationLandscapeRight";
				INFOPLIST_KEY_UISupportedInterfaceOrientations_iPhone = "UIInterfaceOrientationPortrait UIInterfaceOrientationLandscapeLeft UIInterfaceOrientationLandscapeRight";
				LD_RUNPATH_SEARCH_PATHS = (
					"$(inherited)",
					"@executable_path/Frameworks",
				);
				MARKETING_VERSION = 1.0;
				PRODUCT_BUNDLE_IDENTIFIER = "com.dev-zs3.Zunespace";
				PRODUCT_NAME = "$(TARGET_NAME)";
				SWIFT_EMIT_LOC_STRINGS = YES;
				SWIFT_VERSION = 5.0;
				TARGETED_DEVICE_FAMILY = "1,2";
			};
			name = Debug;
		};
		4C2FE4B02AE6632A00C03059 /* Release */ = {
			isa = XCBuildConfiguration;
			buildSettings = {
				ASSETCATALOG_COMPILER_APPICON_NAME = AppIcon;
				ASSETCATALOG_COMPILER_GLOBAL_ACCENT_COLOR_NAME = AccentColor;
				CODE_SIGN_STYLE = Automatic;
				CURRENT_PROJECT_VERSION = 1;
				DEVELOPMENT_ASSET_PATHS = "\"Zunespace/Preview Content\"";
				DEVELOPMENT_TEAM = 8L58N86QT7;
				ENABLE_PREVIEWS = YES;
				GENERATE_INFOPLIST_FILE = YES;
				INFOPLIST_KEY_UIApplicationSceneManifest_Generation = YES;
				INFOPLIST_KEY_UIApplicationSupportsIndirectInputEvents = YES;
				INFOPLIST_KEY_UILaunchScreen_Generation = YES;
				INFOPLIST_KEY_UISupportedInterfaceOrientations_iPad = "UIInterfaceOrientationPortrait UIInterfaceOrientationPortraitUpsideDown UIInterfaceOrientationLandscapeLeft UIInterfaceOrientationLandscapeRight";
				INFOPLIST_KEY_UISupportedInterfaceOrientations_iPhone = "UIInterfaceOrientationPortrait UIInterfaceOrientationLandscapeLeft UIInterfaceOrientationLandscapeRight";
				LD_RUNPATH_SEARCH_PATHS = (
					"$(inherited)",
					"@executable_path/Frameworks",
				);
				MARKETING_VERSION = 1.0;
				PRODUCT_BUNDLE_IDENTIFIER = "com.dev-zs3.Zunespace";
				PRODUCT_NAME = "$(TARGET_NAME)";
				SWIFT_EMIT_LOC_STRINGS = YES;
				SWIFT_VERSION = 5.0;
				TARGETED_DEVICE_FAMILY = "1,2";
			};
			name = Release;
		};
/* End XCBuildConfiguration section */

/* Begin XCConfigurationList section */
		4C2FE49B2AE6632800C03059 /* Build configuration list for PBXProject "Zunespace" */ = {
			isa = XCConfigurationList;
			buildConfigurations = (
				4C2FE4AC2AE6632A00C03059 /* Debug */,
				4C2FE4AD2AE6632A00C03059 /* Release */,
			);
			defaultConfigurationIsVisible = 0;
			defaultConfigurationName = Release;
		};
		4C2FE4AE2AE6632A00C03059 /* Build configuration list for PBXNativeTarget "Zunespace" */ = {
			isa = XCConfigurationList;
			buildConfigurations = (
				4C2FE4AF2AE6632A00C03059 /* Debug */,
				4C2FE4B02AE6632A00C03059 /* Release */,
			);
			defaultConfigurationIsVisible = 0;
			defaultConfigurationName = Release;
		};
/* End XCConfigurationList section */
	};
	rootObject = 4C2FE4982AE6632800C03059 /* Project object */;
}
